
Microsoft Visual Studio Solution File, Format Version 12.00
# Visual Studio Version 17
VisualStudioVersion = 17.4.33213.308
MinimumVisualStudioVersion = 10.0.40219.1
Project("{FAE04EC0-301F-11D3-BF4B-00C04F79EFBC}") = "PDC03_MODULE07.Android", "PDC03_MODULE07\PDC03_MODULE07.Android\PDC03_MODULE07.Android.csproj", "{98ECCBE2-2C88-43DB-BE66-E6813701BE8D}"
EndProject
Project("{FAE04EC0-301F-11D3-BF4B-00C04F79EFBC}") = "PDC03_MODULE07", "PDC03_MODULE07\PDC03_MODULE07\PDC03_MODULE07.csproj", "{484F59F5-20B5-49C8-9327-71BC810EE92F}"
EndProject
Global
	GlobalSection(SolutionConfigurationPlatforms) = preSolution
		Debug|Any CPU = Debug|Any CPU
		Release|Any CPU = Release|Any CPU
	EndGlobalSection
	GlobalSection(ProjectConfigurationPlatforms) = postSolution
		{98ECCBE2-2C88-43DB-BE66-E6813701BE8D}.Debug|Any CPU.ActiveCfg = Debug|Any CPU
		{98ECCBE2-2C88-43DB-BE66-E6813701BE8D}.Debug|Any CPU.Build.0 = Debug|Any CPU
		{98ECCBE2-2C88-43DB-BE66-E6813701BE8D}.Debug|Any CPU.Deploy.0 = Debug|Any CPU
		{98ECCBE2-2C88-43DB-BE66-E6813701BE8D}.Release|Any CPU.ActiveCfg = Release|Any CPU
		{98ECCBE2-2C88-43DB-BE66-E6813701BE8D}.Release|Any CPU.Build.0 = Release|Any CPU
		{98ECCBE2-2C88-43DB-BE66-E6813701BE8D}.Release|Any CPU.Deploy.0 = Release|Any CPU
		{484F59F5-20B5-49C8-9327-71BC810EE92F}.Debug|Any CPU.ActiveCfg = Debug|Any CPU
		{484F59F5-20B5-49C8-9327-71BC810EE92F}.Debug|Any CPU.Build.0 = Debug|Any CPU
		{484F59F5-20B5-49C8-9327-71BC810EE92F}.Debug|Any CPU.Deploy.0 = Debug|Any CPU
		{484F59F5-20B5-49C8-9327-71BC810EE92F}.Release|Any CPU.ActiveCfg = Release|Any CPU
		{484F59F5-20B5-49C8-9327-71BC810EE92F}.Release|Any CPU.Build.0 = Release|Any CPU
		{484F59F5-20B5-49C8-9327-71BC810EE92F}.Release|Any CPU.Deploy.0 = Release|Any CPU
	EndGlobalSection
	GlobalSection(SolutionProperties) = preSolution
		HideSolutionNode = FALSE
	EndGlobalSection
	GlobalSection(ExtensibilityGlobals) = postSolution
		SolutionGuid = {80B6A785-3B0A-4160-BA35-6ABE1C1410E8}
	EndGlobalSection
EndGlobal
